
Microsoft Visual Studio Solution File, Format Version 12.00
# Visual Studio Version 17
VisualStudioVersion = 17.10.35122.118
MinimumVisualStudioVersion = 10.0.40219.1
Project("{FAE04EC0-301F-11D3-BF4B-00C04F79EFBC}") = "ConsoleApp23", "ConsoleApp23\ConsoleApp23.csproj", "{D7294B4A-2A9E-4246-9D26-5C01DA9CDE4B}"
EndProject
Global
	GlobalSection(SolutionConfigurationPlatforms) = preSolution
		Debug|Any CPU = Debug|Any CPU
		Release|Any CPU = Release|Any CPU
	EndGlobalSection
	GlobalSection(ProjectConfigurationPlatforms) = postSolution
		{D7294B4A-2A9E-4246-9D26-5C01DA9CDE4B}.Debug|Any CPU.ActiveCfg = Debug|Any CPU
		{D7294B4A-2A9E-4246-9D26-5C01DA9CDE4B}.Debug|Any CPU.Build.0 = Debug|Any CPU
		{D7294B4A-2A9E-4246-9D26-5C01DA9CDE4B}.Release|Any CPU.ActiveCfg = Release|Any CPU
		{D7294B4A-2A9E-4246-9D26-5C01DA9CDE4B}.Release|Any CPU.Build.0 = Release|Any CPU
	EndGlobalSection
	GlobalSection(SolutionProperties) = preSolution
		HideSolutionNode = FALSE
	EndGlobalSection
	GlobalSection(ExtensibilityGlobals) = postSolution
		SolutionGuid = {BF05A532-9BD0-497E-9AF3-9747CC04925C}
	EndGlobalSection
EndGlobal
